
Microsoft Visual Studio Solution File, Format Version 12.00
# Visual Studio Version 17
VisualStudioVersion = 17.5.33516.290
MinimumVisualStudioVersion = 10.0.40219.1
Project("{FAE04EC0-301F-11D3-BF4B-00C04F79EFBC}") = "PredictorApp", "PredictorApp\PredictorApp.csproj", "{C6B9628B-182A-443C-94D8-70E138F6DDD3}"
EndProject
Global
	GlobalSection(SolutionConfigurationPlatforms) = preSolution
		Debug|Any CPU = Debug|Any CPU
		Release|Any CPU = Release|Any CPU
	EndGlobalSection
	GlobalSection(ProjectConfigurationPlatforms) = postSolution
		{C6B9628B-182A-443C-94D8-70E138F6DDD3}.Debug|Any CPU.ActiveCfg = Debug|Any CPU
		{C6B9628B-182A-443C-94D8-70E138F6DDD3}.Debug|Any CPU.Build.0 = Debug|Any CPU
		{C6B9628B-182A-443C-94D8-70E138F6DDD3}.Release|Any CPU.ActiveCfg = Release|Any CPU
		{C6B9628B-182A-443C-94D8-70E138F6DDD3}.Release|Any CPU.Build.0 = Release|Any CPU
	EndGlobalSection
	GlobalSection(SolutionProperties) = preSolution
		HideSolutionNode = FALSE
	EndGlobalSection
	GlobalSection(ExtensibilityGlobals) = postSolution
		SolutionGuid = {1B81A59F-A9D3-489D-AA24-079073B61756}
	EndGlobalSection
EndGlobal
